
Microsoft Visual Studio Solution File, Format Version 12.00
# Visual Studio 15
VisualStudioVersion = 15.0.28307.1433
MinimumVisualStudioVersion = 10.0.40219.1
Project("{FAE04EC0-301F-11D3-BF4B-00C04F79EFBC}") = "QuizMahasiswa", "QuizMahasiswa\QuizMahasiswa.csproj", "{595B6D1C-AA42-4882-8DE1-BEFE526E8665}"
EndProject
Global
	GlobalSection(SolutionConfigurationPlatforms) = preSolution
		Debug|Any CPU = Debug|Any CPU
		Release|Any CPU = Release|Any CPU
	EndGlobalSection
	GlobalSection(ProjectConfigurationPlatforms) = postSolution
		{595B6D1C-AA42-4882-8DE1-BEFE526E8665}.Debug|Any CPU.ActiveCfg = Debug|Any CPU
		{595B6D1C-AA42-4882-8DE1-BEFE526E8665}.Debug|Any CPU.Build.0 = Debug|Any CPU
		{595B6D1C-AA42-4882-8DE1-BEFE526E8665}.Release|Any CPU.ActiveCfg = Release|Any CPU
		{595B6D1C-AA42-4882-8DE1-BEFE526E8665}.Release|Any CPU.Build.0 = Release|Any CPU
	EndGlobalSection
	GlobalSection(SolutionProperties) = preSolution
		HideSolutionNode = FALSE
	EndGlobalSection
	GlobalSection(ExtensibilityGlobals) = postSolution
		SolutionGuid = {5AC5875C-6415-43A0-AC3F-A001BA7BB4C0}
	EndGlobalSection
EndGlobal
